
Microsoft Visual Studio Solution File, Format Version 12.00
# Visual Studio Version 17
VisualStudioVersion = 17.8.34408.163
MinimumVisualStudioVersion = 10.0.40219.1
Project("{FAE04EC0-301F-11D3-BF4B-00C04F79EFBC}") = "ApiRestSystem", "ApiRestSystem\ApiRestSystem.csproj", "{C4740347-7F62-43EF-BDDD-826F992626CE}"
EndProject
Global
	GlobalSection(SolutionConfigurationPlatforms) = preSolution
		Debug|Any CPU = Debug|Any CPU
		Release|Any CPU = Release|Any CPU
	EndGlobalSection
	GlobalSection(ProjectConfigurationPlatforms) = postSolution
		{C4740347-7F62-43EF-BDDD-826F992626CE}.Debug|Any CPU.ActiveCfg = Debug|Any CPU
		{C4740347-7F62-43EF-BDDD-826F992626CE}.Debug|Any CPU.Build.0 = Debug|Any CPU
		{C4740347-7F62-43EF-BDDD-826F992626CE}.Release|Any CPU.ActiveCfg = Release|Any CPU
		{C4740347-7F62-43EF-BDDD-826F992626CE}.Release|Any CPU.Build.0 = Release|Any CPU
	EndGlobalSection
	GlobalSection(SolutionProperties) = preSolution
		HideSolutionNode = FALSE
	EndGlobalSection
	GlobalSection(ExtensibilityGlobals) = postSolution
		SolutionGuid = {E63B803D-7152-4373-98C6-4470F09B1129}
	EndGlobalSection
EndGlobal
